Microsoft Visual Studio Solution File, Format Version 11.00
# Visual Studio 2008

Project("{1291BAE6-18C0-1140-7599-152F4CEC76B8}") = "Scripting Test_W4", "Assembly-CSharp-firstpass.csproj", "{67D6D09B-F575-245D-9ADE-91F7550CD932}"
EndProject
Project("{1291BAE6-18C0-1140-7599-152F4CEC76B8}") = "Scripting Test_W4", "Assembly-CSharp.csproj", "{144A435D-9B66-2178-8970-232AFCBB0AA3}"
EndProject
Project("{1291BAE6-18C0-1140-7599-152F4CEC76B8}") = "Scripting Test_W4", "Assembly-CSharp-Editor.csproj", "{346DA767-1688-6639-573B-108772137EAF}"
EndProject
Global
	GlobalSection(SolutionConfigurationPlatforms) = preSolution
		Debug|Any CPU = Debug|Any CPU
		Release|Any CPU = Release|Any CPU
	EndGlobalSection
	GlobalSection(ProjectConfigurationPlatforms) = postSolution
		{67D6D09B-F575-245D-9ADE-91F7550CD932}.Debug|Any CPU.ActiveCfg = Debug|Any CPU
		{67D6D09B-F575-245D-9ADE-91F7550CD932}.Debug|Any CPU.Build.0 = Debug|Any CPU
		{67D6D09B-F575-245D-9ADE-91F7550CD932}.Release|Any CPU.ActiveCfg = Release|Any CPU
		{67D6D09B-F575-245D-9ADE-91F7550CD932}.Release|Any CPU.Build.0 = Release|Any CPU
		{144A435D-9B66-2178-8970-232AFCBB0AA3}.Debug|Any CPU.ActiveCfg = Debug|Any CPU
		{144A435D-9B66-2178-8970-232AFCBB0AA3}.Debug|Any CPU.Build.0 = Debug|Any CPU
		{144A435D-9B66-2178-8970-232AFCBB0AA3}.Release|Any CPU.ActiveCfg = Release|Any CPU
		{144A435D-9B66-2178-8970-232AFCBB0AA3}.Release|Any CPU.Build.0 = Release|Any CPU
		{346DA767-1688-6639-573B-108772137EAF}.Debug|Any CPU.ActiveCfg = Debug|Any CPU
		{346DA767-1688-6639-573B-108772137EAF}.Debug|Any CPU.Build.0 = Debug|Any CPU
		{346DA767-1688-6639-573B-108772137EAF}.Release|Any CPU.ActiveCfg = Release|Any CPU
		{346DA767-1688-6639-573B-108772137EAF}.Release|Any CPU.Build.0 = Release|Any CPU
	EndGlobalSection
	GlobalSection(SolutionProperties) = preSolution
		HideSolutionNode = FALSE
	EndGlobalSection
	GlobalSection(MonoDevelopProperties) = preSolution
		StartupItem = Assembly-CSharp.csproj
	EndGlobalSection
EndGlobal
